
Microsoft Visual Studio Solution File, Format Version 12.00
# Visual Studio Version 16
VisualStudioVersion = 16.0.33927.289
MinimumVisualStudioVersion = 10.0.40219.1
Project("{FAE04EC0-301F-11D3-BF4B-00C04F79EFBC}") = "Tyuiu.IbrayevAA.Sprint1.Task0.V5", "Tyuiu.IbrayevAA.Sprint1.Task0.V5\Tyuiu.IbrayevAA.Sprint1.Task0.V5.csproj", "{5CA4074F-3A1C-470D-B685-AEFB8DAA4F21}"
EndProject
Project("{FAE04EC0-301F-11D3-BF4B-00C04F79EFBC}") = "Tyuiu.IbrayevAA.Sprint1.Task0.V5.Lib", "Tyuiu.IbrayevAA.Sprint1.Task0.V5.Lib\Tyuiu.IbrayevAA.Sprint1.Task0.V5.Lib.csproj", "{507695F2-0C0A-4289-A8E4-BEF6E0AE9A02}"
EndProject
Project("{FAE04EC0-301F-11D3-BF4B-00C04F79EFBC}") = "Tyuiu.IbrayevAA.Sprint1.Task0.V5.Test", "Tyuiu.IbrayevAA.Sprint1.Task0.V5.Test\Tyuiu.IbrayevAA.Sprint1.Task0.V5.Test.csproj", "{44E6C564-07B6-4F94-9F94-DCDDCE268CD4}"
EndProject
Project("{2150E333-8FDC-42A3-9474-1A3956D46DE8}") = "Task0", "Task0", "{21F9D841-D71E-4EA0-8240-77177188680B}"
EndProject
Project("{2150E333-8FDC-42A3-9474-1A3956D46DE8}") = "Task1", "Task1", "{F09F9625-9444-4A5C-AAA1-E8BB35752CBF}"
EndProject
Project("{FAE04EC0-301F-11D3-BF4B-00C04F79EFBC}") = "Tyuiu.IbrayevAA.Sprint1.Task1.V2", "Tyuiu.IbrayevAA.Sprint1.Task1.V2\Tyuiu.IbrayevAA.Sprint1.Task1.V2.csproj", "{5239C96E-6F4E-487B-A058-70A4942B235C}"
EndProject
Project("{FAE04EC0-301F-11D3-BF4B-00C04F79EFBC}") = "Tyuiu.IbrayevAA.Sprint1.Task1.V2.Lib", "Tyuiu.IbrayevAA.Sprint1.Task1.V2.Lib\Tyuiu.IbrayevAA.Sprint1.Task1.V2.Lib.csproj", "{7D6D4E5D-B431-41F6-A39C-FCCC9802F8E1}"
EndProject
Project("{FAE04EC0-301F-11D3-BF4B-00C04F79EFBC}") = "Tyuiu.IbrayevAA.Sprint1.Task1.V2.Test", "Tyuiu.IbrayevAA.Sprint1.Task1.V2.Test\Tyuiu.IbrayevAA.Sprint1.Task1.V2.Test.csproj", "{3E2DAD89-5EA2-4013-ABC6-DD2C50C27CB4}"
EndProject
Project("{2150E333-8FDC-42A3-9474-1A3956D46DE8}") = "Task2", "Task2", "{6C01FB52-17AC-4ABE-B28E-2268D26C6C82}"
EndProject
Project("{FAE04EC0-301F-11D3-BF4B-00C04F79EFBC}") = "Tyuiu.IbrayevAA.Sprint1.Task2.V27", "Tyuiu.IbrayevAA.Sprint1.Task2.V27\Tyuiu.IbrayevAA.Sprint1.Task2.V27.csproj", "{99A49B61-E13B-4186-989C-9750E97F8459}"
EndProject
Project("{FAE04EC0-301F-11D3-BF4B-00C04F79EFBC}") = "Tyuiu.IbrayevAA.Sprint1.Task2.V27.Lib", "Tyuiu.IbrayevAA.Sprint1.Task2.V27.Lib\Tyuiu.IbrayevAA.Sprint1.Task2.V27.Lib.csproj", "{CCCDE6F7-7DA1-478B-B558-E8723A3CB1B6}"
EndProject
Project("{FAE04EC0-301F-11D3-BF4B-00C04F79EFBC}") = "Tyuiu.IbrayevAA.Sprint1.Task2.V27.Test", "Tyuiu.IbrayevAA.Sprint1.Task2.V27.Test\Tyuiu.IbrayevAA.Sprint1.Task2.V27.Test.csproj", "{49B78488-2D33-46E7-868D-FFFB06D75BCB}"
EndProject
Project("{2150E333-8FDC-42A3-9474-1A3956D46DE8}") = "Task3", "Task3", "{05F442EB-A1DE-4904-828C-4EC9BCCBBB5A}"
EndProject
Project("{FAE04EC0-301F-11D3-BF4B-00C04F79EFBC}") = "Tyuiu.IbrayevAA.Sprint1.Task3.V16", "Tyuiu.IbrayevAA.Sprint1.Task3.V16\Tyuiu.IbrayevAA.Sprint1.Task3.V16.csproj", "{44A13DBA-70B5-4FB5-BC15-1ED4A81CC2D0}"
EndProject
Project("{FAE04EC0-301F-11D3-BF4B-00C04F79EFBC}") = "Tyuiu.IbrayevAA.Sprint1.Task3.V16.Lib", "Tyuiu.IbrayevAA.Sprint1.Task3.V16.Lib\Tyuiu.IbrayevAA.Sprint1.Task3.V16.Lib.csproj", "{C8986CCB-CA32-44E3-8BD0-F7061F2DA62C}"
EndProject
Project("{FAE04EC0-301F-11D3-BF4B-00C04F79EFBC}") = "Tyuiu.IbrayevAA.Sprint1.Task3.V16.Test", "Tyuiu.IbrayevAA.Sprint1.Task3.V16.Test\Tyuiu.IbrayevAA.Sprint1.Task3.V16.Test.csproj", "{91402945-39CE-4E66-A103-BF37B5FF243A}"
EndProject
Project("{2150E333-8FDC-42A3-9474-1A3956D46DE8}") = "Task4", "Task4", "{2D852F52-5C37-4392-B86D-62BD6D399F0B}"
EndProject
Project("{FAE04EC0-301F-11D3-BF4B-00C04F79EFBC}") = "Tyuiu.IbrayevAA.Sprint1.Task4.V21", "Tyuiu.IbrayevAA.Sprint1.Task4.V21\Tyuiu.IbrayevAA.Sprint1.Task4.V21.csproj", "{DE5E96F6-6F26-4B4A-B7AD-936503CB0887}"
EndProject
Project("{FAE04EC0-301F-11D3-BF4B-00C04F79EFBC}") = "Tyuiu.IbrayevAA.Sprint1.Task4.V21.Lib", "Tyuiu.IbrayevAA.Sprint1.Task4.V21.Lib\Tyuiu.IbrayevAA.Sprint1.Task4.V21.Lib.csproj", "{D201EBF6-332B-471C-9954-27154143F8F1}"
EndProject
Project("{FAE04EC0-301F-11D3-BF4B-00C04F79EFBC}") = "Tyuiu.IbrayevAA.Sprint1.Task4.V21.Test", "Tyuiu.IbrayevAA.Sprint1.Task4.V21.Test\Tyuiu.IbrayevAA.Sprint1.Task4.V21.Test.csproj", "{D0DAB189-D4D8-40C7-AE8F-FE30C34E32C7}"
EndProject
Project("{2150E333-8FDC-42A3-9474-1A3956D46DE8}") = "Task5", "Task5", "{FF1E4DD2-1CFB-4503-A2F0-295151788C31}"
EndProject
Project("{FAE04EC0-301F-11D3-BF4B-00C04F79EFBC}") = "Tyuiu.IbrayevAA.Sprint1.Task5.V7", "Tyuiu.IbrayevAA.Sprint1.Task5.V7\Tyuiu.IbrayevAA.Sprint1.Task5.V7.csproj", "{7368FC61-6EAB-465F-9AB1-F3FA6768F7F7}"
EndProject
Project("{FAE04EC0-301F-11D3-BF4B-00C04F79EFBC}") = "Tyuiu.IbrayevAA.Sprint1.Task5.V7.Lib", "Tyuiu.IbrayevAA.Sprint1.Task5.V7.Lib\Tyuiu.IbrayevAA.Sprint1.Task5.V7.Lib.csproj", "{D1DA321E-7FAC-4D32-A92F-9A32F2F08D62}"
EndProject
Project("{FAE04EC0-301F-11D3-BF4B-00C04F79EFBC}") = "Tyuiu.IbrayevAA.Sprint1.Task5.V7.Test", "Tyuiu.IbrayevAA.Sprint1.Task5.V7.Test\Tyuiu.IbrayevAA.Sprint1.Task5.V7.Test.csproj", "{2B779874-AC29-4871-92F3-F06678BEF326}"
EndProject
Project("{2150E333-8FDC-42A3-9474-1A3956D46DE8}") = "Task6", "Task6", "{0EED0443-47A6-40BA-91C8-00D1A03CDB81}"
EndProject
Project("{FAE04EC0-301F-11D3-BF4B-00C04F79EFBC}") = "Tyuiu.IbrayevAA.Sprint1.Task6.V1", "Tyuiu.IbrayevAA.Sprint1.Task6.V1\Tyuiu.IbrayevAA.Sprint1.Task6.V1.csproj", "{496008F4-6FCF-4E8F-9711-BBF65760719C}"
EndProject
Project("{FAE04EC0-301F-11D3-BF4B-00C04F79EFBC}") = "Tyuiu.IbrayevAA.Sprint1.Task6.V1.Lib", "Tyuiu.IbrayevAA.Sprint1.Task6.V1.Lib\Tyuiu.IbrayevAA.Sprint1.Task6.V1.Lib.csproj", "{C41D16BA-71E3-4119-8587-1B2889638E08}"
EndProject
Project("{FAE04EC0-301F-11D3-BF4B-00C04F79EFBC}") = "Tyuiu.IbrayevAA.Sprint1.Task6.V1.Test", "Tyuiu.IbrayevAA.Sprint1.Task6.V1.Test\Tyuiu.IbrayevAA.Sprint1.Task6.V1.Test.csproj", "{D708A508-39E5-4FED-9DAB-BF22A8DB2DB1}"
EndProject
Project("{2150E333-8FDC-42A3-9474-1A3956D46DE8}") = "Task7", "Task7", "{58A52C9E-5EB0-4A94-9143-C427F89E5742}"
EndProject
Project("{FAE04EC0-301F-11D3-BF4B-00C04F79EFBC}") = "Tyuiu.IbrayevAA.Sprint1.Task7.V30", "Tyuiu.IbrayevAA.Sprint1.Task7.V30\Tyuiu.IbrayevAA.Sprint1.Task7.V30.csproj", "{BCC2C156-F083-4291-A89F-F759B05372C8}"
EndProject
Project("{FAE04EC0-301F-11D3-BF4B-00C04F79EFBC}") = "Tyuiu.IbrayevAA.Sprint1.Task7.V30.Lib", "Tyuiu.IbrayevAA.Sprint1.Task7.V30.Lib\Tyuiu.IbrayevAA.Sprint1.Task7.V30.Lib.csproj", "{54738521-FFED-4C55-833B-CECA4D96A004}"
EndProject
Project("{FAE04EC0-301F-11D3-BF4B-00C04F79EFBC}") = "Tyuiu.IbrayevAA.Sprint1.Task7.V30.Test", "Tyuiu.IbrayevAA.Sprint1.Task7.V30.Test\Tyuiu.IbrayevAA.Sprint1.Task7.V30.Test.csproj", "{BACFD3E6-F647-492B-BAC6-3DCBA62E7473}"
EndProject
Global
	GlobalSection(SolutionConfigurationPlatforms) = preSolution
		Debug|Any CPU = Debug|Any CPU
		Release|Any CPU = Release|Any CPU
	EndGlobalSection
	GlobalSection(ProjectConfigurationPlatforms) = postSolution
		{5CA4074F-3A1C-470D-B685-AEFB8DAA4F21}.Debug|Any CPU.ActiveCfg = Debug|Any CPU
		{5CA4074F-3A1C-470D-B685-AEFB8DAA4F21}.Debug|Any CPU.Build.0 = Debug|Any CPU
		{5CA4074F-3A1C-470D-B685-AEFB8DAA4F21}.Release|Any CPU.ActiveCfg = Release|Any CPU
		{5CA4074F-3A1C-470D-B685-AEFB8DAA4F21}.Release|Any CPU.Build.0 = Release|Any CPU
		{507695F2-0C0A-4289-A8E4-BEF6E0AE9A02}.Debug|Any CPU.ActiveCfg = Debug|Any CPU
		{507695F2-0C0A-4289-A8E4-BEF6E0AE9A02}.Debug|Any CPU.Build.0 = Debug|Any CPU
		{507695F2-0C0A-4289-A8E4-BEF6E0AE9A02}.Release|Any CPU.ActiveCfg = Release|Any CPU
		{507695F2-0C0A-4289-A8E4-BEF6E0AE9A02}.Release|Any CPU.Build.0 = Release|Any CPU
		{44E6C564-07B6-4F94-9F94-DCDDCE268CD4}.Debug|Any CPU.ActiveCfg = Debug|Any CPU
		{44E6C564-07B6-4F94-9F94-DCDDCE268CD4}.Debug|Any CPU.Build.0 = Debug|Any CPU
		{44E6C564-07B6-4F94-9F94-DCDDCE268CD4}.Release|Any CPU.ActiveCfg = Release|Any CPU
		{44E6C564-07B6-4F94-9F94-DCDDCE268CD4}.Release|Any CPU.Build.0 = Release|Any CPU
		{5239C96E-6F4E-487B-A058-70A4942B235C}.Debug|Any CPU.ActiveCfg = Debug|Any CPU
		{5239C96E-6F4E-487B-A058-70A4942B235C}.Debug|Any CPU.Build.0 = Debug|Any CPU
		{5239C96E-6F4E-487B-A058-70A4942B235C}.Release|Any CPU.ActiveCfg = Release|Any CPU
		{5239C96E-6F4E-487B-A058-70A4942B235C}.Release|Any CPU.Build.0 = Release|Any CPU
		{7D6D4E5D-B431-41F6-A39C-FCCC9802F8E1}.Debug|Any CPU.ActiveCfg = Debug|Any CPU
		{7D6D4E5D-B431-41F6-A39C-FCCC9802F8E1}.Debug|Any CPU.Build.0 = Debug|Any CPU
		{7D6D4E5D-B431-41F6-A39C-FCCC9802F8E1}.Release|Any CPU.ActiveCfg = Release|Any CPU
		{7D6D4E5D-B431-41F6-A39C-FCCC9802F8E1}.Release|Any CPU.Build.0 = Release|Any CPU
		{3E2DAD89-5EA2-4013-ABC6-DD2C50C27CB4}.Debug|Any CPU.ActiveCfg = Debug|Any CPU
		{3E2DAD89-5EA2-4013-ABC6-DD2C50C27CB4}.Debug|Any CPU.Build.0 = Debug|Any CPU
		{3E2DAD89-5EA2-4013-ABC6-DD2C50C27CB4}.Release|Any CPU.ActiveCfg = Release|Any CPU
		{3E2DAD89-5EA2-4013-ABC6-DD2C50C27CB4}.Release|Any CPU.Build.0 = Release|Any CPU
		{99A49B61-E13B-4186-989C-9750E97F8459}.Debug|Any CPU.ActiveCfg = Debug|Any CPU
		{99A49B61-E13B-4186-989C-9750E97F8459}.Debug|Any CPU.Build.0 = Debug|Any CPU
		{99A49B61-E13B-4186-989C-9750E97F8459}.Release|Any CPU.ActiveCfg = Release|Any CPU
		{99A49B61-E13B-4186-989C-9750E97F8459}.Release|Any CPU.Build.0 = Release|Any CPU
		{CCCDE6F7-7DA1-478B-B558-E8723A3CB1B6}.Debug|Any CPU.ActiveCfg = Debug|Any CPU
		{CCCDE6F7-7DA1-478B-B558-E8723A3CB1B6}.Debug|Any CPU.Build.0 = Debug|Any CPU
		{CCCDE6F7-7DA1-478B-B558-E8723A3CB1B6}.Release|Any CPU.ActiveCfg = Release|Any CPU
		{CCCDE6F7-7DA1-478B-B558-E8723A3CB1B6}.Release|Any CPU.Build.0 = Release|Any CPU
		{49B78488-2D33-46E7-868D-FFFB06D75BCB}.Debug|Any CPU.ActiveCfg = Debug|Any CPU
		{49B78488-2D33-46E7-868D-FFFB06D75BCB}.Debug|Any CPU.Build.0 = Debug|Any CPU
		{49B78488-2D33-46E7-868D-FFFB06D75BCB}.Release|Any CPU.ActiveCfg = Release|Any CPU
		{49B78488-2D33-46E7-868D-FFFB06D75BCB}.Release|Any CPU.Build.0 = Release|Any CPU
		{44A13DBA-70B5-4FB5-BC15-1ED4A81CC2D0}.Debug|Any CPU.ActiveCfg = Debug|Any CPU
		{44A13DBA-70B5-4FB5-BC15-1ED4A81CC2D0}.Debug|Any CPU.Build.0 = Debug|Any CPU
		{44A13DBA-70B5-4FB5-BC15-1ED4A81CC2D0}.Release|Any CPU.ActiveCfg = Release|Any CPU
		{44A13DBA-70B5-4FB5-BC15-1ED4A81CC2D0}.Release|Any CPU.Build.0 = Release|Any CPU
		{C8986CCB-CA32-44E3-8BD0-F7061F2DA62C}.Debug|Any CPU.ActiveCfg = Debug|Any CPU
		{C8986CCB-CA32-44E3-8BD0-F7061F2DA62C}.Debug|Any CPU.Build.0 = Debug|Any CPU
		{C8986CCB-CA32-44E3-8BD0-F7061F2DA62C}.Release|Any CPU.ActiveCfg = Release|Any CPU
		{C8986CCB-CA32-44E3-8BD0-F7061F2DA62C}.Release|Any CPU.Build.0 = Release|Any CPU
		{91402945-39CE-4E66-A103-BF37B5FF243A}.Debug|Any CPU.ActiveCfg = Debug|Any CPU
		{91402945-39CE-4E66-A103-BF37B5FF243A}.Debug|Any CPU.Build.0 = Debug|Any CPU
		{91402945-39CE-4E66-A103-BF37B5FF243A}.Release|Any CPU.ActiveCfg = Release|Any CPU
		{91402945-39CE-4E66-A103-BF37B5FF243A}.Release|Any CPU.Build.0 = Release|Any CPU
		{DE5E96F6-6F26-4B4A-B7AD-936503CB0887}.Debug|Any CPU.ActiveCfg = Debug|Any CPU
		{DE5E96F6-6F26-4B4A-B7AD-936503CB0887}.Debug|Any CPU.Build.0 = Debug|Any CPU
		{DE5E96F6-6F26-4B4A-B7AD-936503CB0887}.Release|Any CPU.ActiveCfg = Release|Any CPU
		{DE5E96F6-6F26-4B4A-B7AD-936503CB0887}.Release|Any CPU.Build.0 = Release|Any CPU
		{D201EBF6-332B-471C-9954-27154143F8F1}.Debug|Any CPU.ActiveCfg = Debug|Any CPU
		{D201EBF6-332B-471C-9954-27154143F8F1}.Debug|Any CPU.Build.0 = Debug|Any CPU
		{D201EBF6-332B-471C-9954-27154143F8F1}.Release|Any CPU.ActiveCfg = Release|Any CPU
		{D201EBF6-332B-471C-9954-27154143F8F1}.Release|Any CPU.Build.0 = Release|Any CPU
		{D0DAB189-D4D8-40C7-AE8F-FE30C34E32C7}.Debug|Any CPU.ActiveCfg = Debug|Any CPU
		{D0DAB189-D4D8-40C7-AE8F-FE30C34E32C7}.Debug|Any CPU.Build.0 = Debug|Any CPU
		{D0DAB189-D4D8-40C7-AE8F-FE30C34E32C7}.Release|Any CPU.ActiveCfg = Release|Any CPU
		{D0DAB189-D4D8-40C7-AE8F-FE30C34E32C7}.Release|Any CPU.Build.0 = Release|Any CPU
		{7368FC61-6EAB-465F-9AB1-F3FA6768F7F7}.Debug|Any CPU.ActiveCfg = Debug|Any CPU
		{7368FC61-6EAB-465F-9AB1-F3FA6768F7F7}.Debug|Any CPU.Build.0 = Debug|Any CPU
		{7368FC61-6EAB-465F-9AB1-F3FA6768F7F7}.Release|Any CPU.ActiveCfg = Release|Any CPU
		{7368FC61-6EAB-465F-9AB1-F3FA6768F7F7}.Release|Any CPU.Build.0 = Release|Any CPU
		{D1DA321E-7FAC-4D32-A92F-9A32F2F08D62}.Debug|Any CPU.ActiveCfg = Debug|Any CPU
		{D1DA321E-7FAC-4D32-A92F-9A32F2F08D62}.Debug|Any CPU.Build.0 = Debug|Any CPU
		{D1DA321E-7FAC-4D32-A92F-9A32F2F08D62}.Release|Any CPU.ActiveCfg = Release|Any CPU
		{D1DA321E-7FAC-4D32-A92F-9A32F2F08D62}.Release|Any CPU.Build.0 = Release|Any CPU
		{2B779874-AC29-4871-92F3-F06678BEF326}.Debug|Any CPU.ActiveCfg = Debug|Any CPU
		{2B779874-AC29-4871-92F3-F06678BEF326}.Debug|Any CPU.Build.0 = Debug|Any CPU
		{2B779874-AC29-4871-92F3-F06678BEF326}.Release|Any CPU.ActiveCfg = Release|Any CPU
		{2B779874-AC29-4871-92F3-F06678BEF326}.Release|Any CPU.Build.0 = Release|Any CPU
		{496008F4-6FCF-4E8F-9711-BBF65760719C}.Debug|Any CPU.ActiveCfg = Debug|Any CPU
		{496008F4-6FCF-4E8F-9711-BBF65760719C}.Debug|Any CPU.Build.0 = Debug|Any CPU
		{496008F4-6FCF-4E8F-9711-BBF65760719C}.Release|Any CPU.ActiveCfg = Release|Any CPU
		{496008F4-6FCF-4E8F-9711-BBF65760719C}.Release|Any CPU.Build.0 = Release|Any CPU
		{C41D16BA-71E3-4119-8587-1B2889638E08}.Debug|Any CPU.ActiveCfg = Debug|Any CPU
		{C41D16BA-71E3-4119-8587-1B2889638E08}.Debug|Any CPU.Build.0 = Debug|Any CPU
		{C41D16BA-71E3-4119-8587-1B2889638E08}.Release|Any CPU.ActiveCfg = Release|Any CPU
		{C41D16BA-71E3-4119-8587-1B2889638E08}.Release|Any CPU.Build.0 = Release|Any CPU
		{D708A508-39E5-4FED-9DAB-BF22A8DB2DB1}.Debug|Any CPU.ActiveCfg = Debug|Any CPU
		{D708A508-39E5-4FED-9DAB-BF22A8DB2DB1}.Debug|Any CPU.Build.0 = Debug|Any CPU
		{D708A508-39E5-4FED-9DAB-BF22A8DB2DB1}.Release|Any CPU.ActiveCfg = Release|Any CPU
		{D708A508-39E5-4FED-9DAB-BF22A8DB2DB1}.Release|Any CPU.Build.0 = Release|Any CPU
		{BCC2C156-F083-4291-A89F-F759B05372C8}.Debug|Any CPU.ActiveCfg = Debug|Any CPU
		{BCC2C156-F083-4291-A89F-F759B05372C8}.Debug|Any CPU.Build.0 = Debug|Any CPU
		{BCC2C156-F083-4291-A89F-F759B05372C8}.Release|Any CPU.ActiveCfg = Release|Any CPU
		{BCC2C156-F083-4291-A89F-F759B05372C8}.Release|Any CPU.Build.0 = Release|Any CPU
		{54738521-FFED-4C55-833B-CECA4D96A004}.Debug|Any CPU.ActiveCfg = Debug|Any CPU
		{54738521-FFED-4C55-833B-CECA4D96A004}.Debug|Any CPU.Build.0 = Debug|Any CPU
		{54738521-FFED-4C55-833B-CECA4D96A004}.Release|Any CPU.ActiveCfg = Release|Any CPU
		{54738521-FFED-4C55-833B-CECA4D96A004}.Release|Any CPU.Build.0 = Release|Any CPU
		{BACFD3E6-F647-492B-BAC6-3DCBA62E7473}.Debug|Any CPU.ActiveCfg = Debug|Any CPU
		{BACFD3E6-F647-492B-BAC6-3DCBA62E7473}.Debug|Any CPU.Build.0 = Debug|Any CPU
		{BACFD3E6-F647-492B-BAC6-3DCBA62E7473}.Release|Any CPU.ActiveCfg = Release|Any CPU
		{BACFD3E6-F647-492B-BAC6-3DCBA62E7473}.Release|Any CPU.Build.0 = Release|Any CPU
	EndGlobalSection
	GlobalSection(SolutionProperties) = preSolution
		HideSolutionNode = FALSE
	EndGlobalSection
	GlobalSection(NestedProjects) = preSolution
		{5CA4074F-3A1C-470D-B685-AEFB8DAA4F21} = {21F9D841-D71E-4EA0-8240-77177188680B}
		{507695F2-0C0A-4289-A8E4-BEF6E0AE9A02} = {21F9D841-D71E-4EA0-8240-77177188680B}
		{44E6C564-07B6-4F94-9F94-DCDDCE268CD4} = {21F9D841-D71E-4EA0-8240-77177188680B}
		{5239C96E-6F4E-487B-A058-70A4942B235C} = {F09F9625-9444-4A5C-AAA1-E8BB35752CBF}
		{7D6D4E5D-B431-41F6-A39C-FCCC9802F8E1} = {F09F9625-9444-4A5C-AAA1-E8BB35752CBF}
		{3E2DAD89-5EA2-4013-ABC6-DD2C50C27CB4} = {F09F9625-9444-4A5C-AAA1-E8BB35752CBF}
		{99A49B61-E13B-4186-989C-9750E97F8459} = {6C01FB52-17AC-4ABE-B28E-2268D26C6C82}
		{CCCDE6F7-7DA1-478B-B558-E8723A3CB1B6} = {6C01FB52-17AC-4ABE-B28E-2268D26C6C82}
		{49B78488-2D33-46E7-868D-FFFB06D75BCB} = {6C01FB52-17AC-4ABE-B28E-2268D26C6C82}
		{44A13DBA-70B5-4FB5-BC15-1ED4A81CC2D0} = {05F442EB-A1DE-4904-828C-4EC9BCCBBB5A}
		{C8986CCB-CA32-44E3-8BD0-F7061F2DA62C} = {05F442EB-A1DE-4904-828C-4EC9BCCBBB5A}
		{91402945-39CE-4E66-A103-BF37B5FF243A} = {05F442EB-A1DE-4904-828C-4EC9BCCBBB5A}
		{DE5E96F6-6F26-4B4A-B7AD-936503CB0887} = {2D852F52-5C37-4392-B86D-62BD6D399F0B}
		{D201EBF6-332B-471C-9954-27154143F8F1} = {2D852F52-5C37-4392-B86D-62BD6D399F0B}
		{D0DAB189-D4D8-40C7-AE8F-FE30C34E32C7} = {2D852F52-5C37-4392-B86D-62BD6D399F0B}
		{7368FC61-6EAB-465F-9AB1-F3FA6768F7F7} = {FF1E4DD2-1CFB-4503-A2F0-295151788C31}
		{D1DA321E-7FAC-4D32-A92F-9A32F2F08D62} = {FF1E4DD2-1CFB-4503-A2F0-295151788C31}
		{2B779874-AC29-4871-92F3-F06678BEF326} = {FF1E4DD2-1CFB-4503-A2F0-295151788C31}
		{496008F4-6FCF-4E8F-9711-BBF65760719C} = {0EED0443-47A6-40BA-91C8-00D1A03CDB81}
		{C41D16BA-71E3-4119-8587-1B2889638E08} = {0EED0443-47A6-40BA-91C8-00D1A03CDB81}
		{D708A508-39E5-4FED-9DAB-BF22A8DB2DB1} = {0EED0443-47A6-40BA-91C8-00D1A03CDB81}
		{BCC2C156-F083-4291-A89F-F759B05372C8} = {58A52C9E-5EB0-4A94-9143-C427F89E5742}
		{54738521-FFED-4C55-833B-CECA4D96A004} = {58A52C9E-5EB0-4A94-9143-C427F89E5742}
		{BACFD3E6-F647-492B-BAC6-3DCBA62E7473} = {58A52C9E-5EB0-4A94-9143-C427F89E5742}
	EndGlobalSection
	GlobalSection(ExtensibilityGlobals) = postSolution
		SolutionGuid = {C60272AE-91C0-44DD-AC90-81ECC72B657D}
	EndGlobalSection
EndGlobal
