
Microsoft Visual Studio Solution File, Format Version 12.00
# Visual Studio Version 16
VisualStudioVersion = 16.0.33927.289
MinimumVisualStudioVersion = 10.0.40219.1
Project("{FAE04EC0-301F-11D3-BF4B-00C04F79EFBC}") = "Tyuiu.IbrayevAA.Sprint1.Task0.V5", "Tyuiu.IbrayevAA.Sprint1.Task0.V5\Tyuiu.IbrayevAA.Sprint1.Task0.V5.csproj", "{5CA4074F-3A1C-470D-B685-AEFB8DAA4F21}"
EndProject
Project("{FAE04EC0-301F-11D3-BF4B-00C04F79EFBC}") = "Tyuiu.IbrayevAA.Sprint1.Task0.V5.Lib", "Tyuiu.IbrayevAA.Sprint1.Task0.V5.Lib\Tyuiu.IbrayevAA.Sprint1.Task0.V5.Lib.csproj", "{507695F2-0C0A-4289-A8E4-BEF6E0AE9A02}"
EndProject
Project("{FAE04EC0-301F-11D3-BF4B-00C04F79EFBC}") = "Tyuiu.IbrayevAA.Sprint1.Task0.V5.Test", "Tyuiu.IbrayevAA.Sprint1.Task0.V5.Test\Tyuiu.IbrayevAA.Sprint1.Task0.V5.Test.csproj", "{44E6C564-07B6-4F94-9F94-DCDDCE268CD4}"
EndProject
Project("{2150E333-8FDC-42A3-9474-1A3956D46DE8}") = "Task0", "Task0", "{21F9D841-D71E-4EA0-8240-77177188680B}"
EndProject
Project("{2150E333-8FDC-42A3-9474-1A3956D46DE8}") = "Task1", "Task1", "{F09F9625-9444-4A5C-AAA1-E8BB35752CBF}"
EndProject
Project("{FAE04EC0-301F-11D3-BF4B-00C04F79EFBC}") = "Tyuiu.IbrayevAA.Sprint1.Task1.V2", "Tyuiu.IbrayevAA.Sprint1.Task1.V2\Tyuiu.IbrayevAA.Sprint1.Task1.V2.csproj", "{5239C96E-6F4E-487B-A058-70A4942B235C}"
EndProject
Project("{FAE04EC0-301F-11D3-BF4B-00C04F79EFBC}") = "Tyuiu.IbrayevAA.Sprint1.Task1.V2.Lib", "Tyuiu.IbrayevAA.Sprint1.Task1.V2.Lib\Tyuiu.IbrayevAA.Sprint1.Task1.V2.Lib.csproj", "{7D6D4E5D-B431-41F6-A39C-FCCC9802F8E1}"
EndProject
Project("{FAE04EC0-301F-11D3-BF4B-00C04F79EFBC}") = "Tyuiu.IbrayevAA.Sprint1.Task1.V2.Test", "Tyuiu.IbrayevAA.Sprint1.Task1.V2.Test\Tyuiu.IbrayevAA.Sprint1.Task1.V2.Test.csproj", "{3E2DAD89-5EA2-4013-ABC6-DD2C50C27CB4}"
EndProject
Project("{2150E333-8FDC-42A3-9474-1A3956D46DE8}") = "Task2", "Task2", "{6C01FB52-17AC-4ABE-B28E-2268D26C6C82}"
EndProject
Project("{FAE04EC0-301F-11D3-BF4B-00C04F79EFBC}") = "Tyuiu.IbrayevAA.Sprint1.Task2.V27", "Tyuiu.IbrayevAA.Sprint1.Task2.V27\Tyuiu.IbrayevAA.Sprint1.Task2.V27.csproj", "{99A49B61-E13B-4186-989C-9750E97F8459}"
EndProject
Project("{FAE04EC0-301F-11D3-BF4B-00C04F79EFBC}") = "Tyuiu.IbrayevAA.Sprint1.Task2.V27.Lib", "Tyuiu.IbrayevAA.Sprint1.Task2.V27.Lib\Tyuiu.IbrayevAA.Sprint1.Task2.V27.Lib.csproj", "{CCCDE6F7-7DA1-478B-B558-E8723A3CB1B6}"
EndProject
Project("{FAE04EC0-301F-11D3-BF4B-00C04F79EFBC}") = "Tyuiu.IbrayevAA.Sprint1.Task2.V27.Test", "Tyuiu.IbrayevAA.Sprint1.Task2.V27.Test\Tyuiu.IbrayevAA.Sprint1.Task2.V27.Test.csproj", "{49B78488-2D33-46E7-868D-FFFB06D75BCB}"
EndProject
Project("{2150E333-8FDC-42A3-9474-1A3956D46DE8}") = "Task3", "Task3", "{05F442EB-A1DE-4904-828C-4EC9BCCBBB5A}"
EndProject
Project("{FAE04EC0-301F-11D3-BF4B-00C04F79EFBC}") = "Tyuiu.IbrayevAA.Sprint1.Task3.V16", "Tyuiu.IbrayevAA.Sprint1.Task3.V16\Tyuiu.IbrayevAA.Sprint1.Task3.V16.csproj", "{44A13DBA-70B5-4FB5-BC15-1ED4A81CC2D0}"
EndProject
Project("{FAE04EC0-301F-11D3-BF4B-00C04F79EFBC}") = "Tyuiu.IbrayevAA.Sprint1.Task3.V16.Lib", "Tyuiu.IbrayevAA.Sprint1.Task3.V16.Lib\Tyuiu.IbrayevAA.Sprint1.Task3.V16.Lib.csproj", "{C8986CCB-CA32-44E3-8BD0-F7061F2DA62C}"
EndProject
Project("{FAE04EC0-301F-11D3-BF4B-00C04F79EFBC}") = "Tyuiu.IbrayevAA.Sprint1.Task3.V16.Test", "Tyuiu.IbrayevAA.Sprint1.Task3.V16.Test\Tyuiu.IbrayevAA.Sprint1.Task3.V16.Test.csproj", "{91402945-39CE-4E66-A103-BF37B5FF243A}"
EndProject
Global
	GlobalSection(SolutionConfigurationPlatforms) = preSolution
		Debug|Any CPU = Debug|Any CPU
		Release|Any CPU = Release|Any CPU
	EndGlobalSection
	GlobalSection(ProjectConfigurationPlatforms) = postSolution
		{5CA4074F-3A1C-470D-B685-AEFB8DAA4F21}.Debug|Any CPU.ActiveCfg = Debug|Any CPU
		{5CA4074F-3A1C-470D-B685-AEFB8DAA4F21}.Debug|Any CPU.Build.0 = Debug|Any CPU
		{5CA4074F-3A1C-470D-B685-AEFB8DAA4F21}.Release|Any CPU.ActiveCfg = Release|Any CPU
		{5CA4074F-3A1C-470D-B685-AEFB8DAA4F21}.Release|Any CPU.Build.0 = Release|Any CPU
		{507695F2-0C0A-4289-A8E4-BEF6E0AE9A02}.Debug|Any CPU.ActiveCfg = Debug|Any CPU
		{507695F2-0C0A-4289-A8E4-BEF6E0AE9A02}.Debug|Any CPU.Build.0 = Debug|Any CPU
		{507695F2-0C0A-4289-A8E4-BEF6E0AE9A02}.Release|Any CPU.ActiveCfg = Release|Any CPU
		{507695F2-0C0A-4289-A8E4-BEF6E0AE9A02}.Release|Any CPU.Build.0 = Release|Any CPU
		{44E6C564-07B6-4F94-9F94-DCDDCE268CD4}.Debug|Any CPU.ActiveCfg = Debug|Any CPU
		{44E6C564-07B6-4F94-9F94-DCDDCE268CD4}.Debug|Any CPU.Build.0 = Debug|Any CPU
		{44E6C564-07B6-4F94-9F94-DCDDCE268CD4}.Release|Any CPU.ActiveCfg = Release|Any CPU
		{44E6C564-07B6-4F94-9F94-DCDDCE268CD4}.Release|Any CPU.Build.0 = Release|Any CPU
		{5239C96E-6F4E-487B-A058-70A4942B235C}.Debug|Any CPU.ActiveCfg = Debug|Any CPU
		{5239C96E-6F4E-487B-A058-70A4942B235C}.Debug|Any CPU.Build.0 = Debug|Any CPU
		{5239C96E-6F4E-487B-A058-70A4942B235C}.Release|Any CPU.ActiveCfg = Release|Any CPU
		{5239C96E-6F4E-487B-A058-70A4942B235C}.Release|Any CPU.Build.0 = Release|Any CPU
		{7D6D4E5D-B431-41F6-A39C-FCCC9802F8E1}.Debug|Any CPU.ActiveCfg = Debug|Any CPU
		{7D6D4E5D-B431-41F6-A39C-FCCC9802F8E1}.Debug|Any CPU.Build.0 = Debug|Any CPU
		{7D6D4E5D-B431-41F6-A39C-FCCC9802F8E1}.Release|Any CPU.ActiveCfg = Release|Any CPU
		{7D6D4E5D-B431-41F6-A39C-FCCC9802F8E1}.Release|Any CPU.Build.0 = Release|Any CPU
		{3E2DAD89-5EA2-4013-ABC6-DD2C50C27CB4}.Debug|Any CPU.ActiveCfg = Debug|Any CPU
		{3E2DAD89-5EA2-4013-ABC6-DD2C50C27CB4}.Debug|Any CPU.Build.0 = Debug|Any CPU
		{3E2DAD89-5EA2-4013-ABC6-DD2C50C27CB4}.Release|Any CPU.ActiveCfg = Release|Any CPU
		{3E2DAD89-5EA2-4013-ABC6-DD2C50C27CB4}.Release|Any CPU.Build.0 = Release|Any CPU
		{99A49B61-E13B-4186-989C-9750E97F8459}.Debug|Any CPU.ActiveCfg = Debug|Any CPU
		{99A49B61-E13B-4186-989C-9750E97F8459}.Debug|Any CPU.Build.0 = Debug|Any CPU
		{99A49B61-E13B-4186-989C-9750E97F8459}.Release|Any CPU.ActiveCfg = Release|Any CPU
		{99A49B61-E13B-4186-989C-9750E97F8459}.Release|Any CPU.Build.0 = Release|Any CPU
		{CCCDE6F7-7DA1-478B-B558-E8723A3CB1B6}.Debug|Any CPU.ActiveCfg = Debug|Any CPU
		{CCCDE6F7-7DA1-478B-B558-E8723A3CB1B6}.Debug|Any CPU.Build.0 = Debug|Any CPU
		{CCCDE6F7-7DA1-478B-B558-E8723A3CB1B6}.Release|Any CPU.ActiveCfg = Release|Any CPU
		{CCCDE6F7-7DA1-478B-B558-E8723A3CB1B6}.Release|Any CPU.Build.0 = Release|Any CPU
		{49B78488-2D33-46E7-868D-FFFB06D75BCB}.Debug|Any CPU.ActiveCfg = Debug|Any CPU
		{49B78488-2D33-46E7-868D-FFFB06D75BCB}.Debug|Any CPU.Build.0 = Debug|Any CPU
		{49B78488-2D33-46E7-868D-FFFB06D75BCB}.Release|Any CPU.ActiveCfg = Release|Any CPU
		{49B78488-2D33-46E7-868D-FFFB06D75BCB}.Release|Any CPU.Build.0 = Release|Any CPU
		{44A13DBA-70B5-4FB5-BC15-1ED4A81CC2D0}.Debug|Any CPU.ActiveCfg = Debug|Any CPU
		{44A13DBA-70B5-4FB5-BC15-1ED4A81CC2D0}.Debug|Any CPU.Build.0 = Debug|Any CPU
		{44A13DBA-70B5-4FB5-BC15-1ED4A81CC2D0}.Release|Any CPU.ActiveCfg = Release|Any CPU
		{44A13DBA-70B5-4FB5-BC15-1ED4A81CC2D0}.Release|Any CPU.Build.0 = Release|Any CPU
		{C8986CCB-CA32-44E3-8BD0-F7061F2DA62C}.Debug|Any CPU.ActiveCfg = Debug|Any CPU
		{C8986CCB-CA32-44E3-8BD0-F7061F2DA62C}.Debug|Any CPU.Build.0 = Debug|Any CPU
		{C8986CCB-CA32-44E3-8BD0-F7061F2DA62C}.Release|Any CPU.ActiveCfg = Release|Any CPU
		{C8986CCB-CA32-44E3-8BD0-F7061F2DA62C}.Release|Any CPU.Build.0 = Release|Any CPU
		{91402945-39CE-4E66-A103-BF37B5FF243A}.Debug|Any CPU.ActiveCfg = Debug|Any CPU
		{91402945-39CE-4E66-A103-BF37B5FF243A}.Debug|Any CPU.Build.0 = Debug|Any CPU
		{91402945-39CE-4E66-A103-BF37B5FF243A}.Release|Any CPU.ActiveCfg = Release|Any CPU
		{91402945-39CE-4E66-A103-BF37B5FF243A}.Release|Any CPU.Build.0 = Release|Any CPU
	EndGlobalSection
	GlobalSection(SolutionProperties) = preSolution
		HideSolutionNode = FALSE
	EndGlobalSection
	GlobalSection(NestedProjects) = preSolution
		{5CA4074F-3A1C-470D-B685-AEFB8DAA4F21} = {21F9D841-D71E-4EA0-8240-77177188680B}
		{507695F2-0C0A-4289-A8E4-BEF6E0AE9A02} = {21F9D841-D71E-4EA0-8240-77177188680B}
		{44E6C564-07B6-4F94-9F94-DCDDCE268CD4} = {21F9D841-D71E-4EA0-8240-77177188680B}
		{5239C96E-6F4E-487B-A058-70A4942B235C} = {F09F9625-9444-4A5C-AAA1-E8BB35752CBF}
		{7D6D4E5D-B431-41F6-A39C-FCCC9802F8E1} = {F09F9625-9444-4A5C-AAA1-E8BB35752CBF}
		{3E2DAD89-5EA2-4013-ABC6-DD2C50C27CB4} = {F09F9625-9444-4A5C-AAA1-E8BB35752CBF}
		{99A49B61-E13B-4186-989C-9750E97F8459} = {6C01FB52-17AC-4ABE-B28E-2268D26C6C82}
		{CCCDE6F7-7DA1-478B-B558-E8723A3CB1B6} = {6C01FB52-17AC-4ABE-B28E-2268D26C6C82}
		{49B78488-2D33-46E7-868D-FFFB06D75BCB} = {6C01FB52-17AC-4ABE-B28E-2268D26C6C82}
		{44A13DBA-70B5-4FB5-BC15-1ED4A81CC2D0} = {05F442EB-A1DE-4904-828C-4EC9BCCBBB5A}
		{C8986CCB-CA32-44E3-8BD0-F7061F2DA62C} = {05F442EB-A1DE-4904-828C-4EC9BCCBBB5A}
		{91402945-39CE-4E66-A103-BF37B5FF243A} = {05F442EB-A1DE-4904-828C-4EC9BCCBBB5A}
	EndGlobalSection
	GlobalSection(ExtensibilityGlobals) = postSolution
		SolutionGuid = {C60272AE-91C0-44DD-AC90-81ECC72B657D}
	EndGlobalSection
EndGlobal
